
Microsoft Visual Studio Solution File, Format Version 12.00
# Visual Studio Version 16
VisualStudioVersion = 16.0.30320.27
MinimumVisualStudioVersion = 10.0.40219.1
Project("{FAE04EC0-301F-11D3-BF4B-00C04F79EFBC}") = "ArrayList 1", "ArrayList 1\ArrayList 1.csproj", "{0A272326-19C6-4353-AB9E-DC7C11EF6211}"
EndProject
Global
	GlobalSection(SolutionConfigurationPlatforms) = preSolution
		Debug|Any CPU = Debug|Any CPU
		Release|Any CPU = Release|Any CPU
	EndGlobalSection
	GlobalSection(ProjectConfigurationPlatforms) = postSolution
		{0A272326-19C6-4353-AB9E-DC7C11EF6211}.Debug|Any CPU.ActiveCfg = Debug|Any CPU
		{0A272326-19C6-4353-AB9E-DC7C11EF6211}.Debug|Any CPU.Build.0 = Debug|Any CPU
		{0A272326-19C6-4353-AB9E-DC7C11EF6211}.Release|Any CPU.ActiveCfg = Release|Any CPU
		{0A272326-19C6-4353-AB9E-DC7C11EF6211}.Release|Any CPU.Build.0 = Release|Any CPU
	EndGlobalSection
	GlobalSection(SolutionProperties) = preSolution
		HideSolutionNode = FALSE
	EndGlobalSection
	GlobalSection(ExtensibilityGlobals) = postSolution
		SolutionGuid = {05BE93E6-E4C1-4645-91CF-C845CE7E44DF}
	EndGlobalSection
EndGlobal
