
Microsoft Visual Studio Solution File, Format Version 12.00
# Visual Studio Version 16
VisualStudioVersion = 16.0.30320.27
MinimumVisualStudioVersion = 10.0.40219.1
Project("{FAE04EC0-301F-11D3-BF4B-00C04F79EFBC}") = "Dictionary", "Dictionary\Dictionary.csproj", "{6147146F-52A4-4AFA-A60C-AE42EAC8482D}"
EndProject
Global
	GlobalSection(SolutionConfigurationPlatforms) = preSolution
		Debug|Any CPU = Debug|Any CPU
		Release|Any CPU = Release|Any CPU
	EndGlobalSection
	GlobalSection(ProjectConfigurationPlatforms) = postSolution
		{6147146F-52A4-4AFA-A60C-AE42EAC8482D}.Debug|Any CPU.ActiveCfg = Debug|Any CPU
		{6147146F-52A4-4AFA-A60C-AE42EAC8482D}.Debug|Any CPU.Build.0 = Debug|Any CPU
		{6147146F-52A4-4AFA-A60C-AE42EAC8482D}.Release|Any CPU.ActiveCfg = Release|Any CPU
		{6147146F-52A4-4AFA-A60C-AE42EAC8482D}.Release|Any CPU.Build.0 = Release|Any CPU
	EndGlobalSection
	GlobalSection(SolutionProperties) = preSolution
		HideSolutionNode = FALSE
	EndGlobalSection
	GlobalSection(ExtensibilityGlobals) = postSolution
		SolutionGuid = {3D3B8D96-44ED-4055-A7B3-14DEC88CAB1A}
	EndGlobalSection
EndGlobal
